{
  "name": "food",
  "lockfileVersion": 3,
  "requires": true,
  "packages": {
    "": {
      "dependencies": {
        "@zxing/browser": "0.2.1",
        "playwright": "^1.59.1"
      }
    },
    "node_modules/@zxing/browser": {
      "version": "0.2.1",
      "resolved": "https://ms-feed-12.pkgs.visualstudio.com/1es-public/_packaging/npm-public/npm/registry/@zxing/browser/-/browser-0.2.1.tgz",
      "integrity": "sha1-QcoLgGSNEx3sXYzBjvvWL65GRuc=",
      "license": "MIT",
      "optionalDependencies": {
        "@zxing/text-encoding": "^0.9.0"
      },
      "peerDependencies": {
        "@zxing/library": "^0.23.0"
      }
    },
    "node_modules/@zxing/library": {
      "version": "0.23.0",
      "resolved": "https://ms-feed-12.pkgs.visualstudio.com/1es-public/_packaging/npm-public/npm/registry/@zxing/library/-/library-0.23.0.tgz",
      "integrity": "sha1-zBo0HwZLNvwkYxzBN5e80ynjbKc=",
      "license": "Apache-2.0",
      "peer": true,
      "dependencies": {
        "ts-custom-error": "^3.3.1"
      },
      "engines": {
        "node": ">= 24.0.0"
      },
      "optionalDependencies": {
        "@zxing/text-encoding": "~0.9.0"
      }
    },
    "node_modules/@zxing/text-encoding": {
      "version": "0.9.0",
      "resolved": "https://ms-feed-25.pkgs.visualstudio.com/1es-public/_packaging/npm-public/npm/registry/@zxing/text-encoding/-/text-encoding-0.9.0.tgz",
      "integrity": "sha1-+1D/q8bHxmoMlrTAPj2b50hktws=",
      "license": "(Unlicense OR Apache-2.0)",
      "optional": true
    },
    "node_modules/fsevents": {
      "version": "2.3.2",
      "resolved": "https://registry.npmjs.org/fsevents/-/fsevents-2.3.2.tgz",
      "integrity": "sha512-xiqMQR4xAeHTuB9uWm+fFRcIOgKBMiOBP+eXiyT7jsgVCq1bkVygt00oASowB7EdtpOHaaPgKt812P9ab+DDKA==",
      "hasInstallScript": true,
      "license": "MIT",
      "optional": true,
      "os": [
        "darwin"
      ],
      "engines": {
        "node": "^8.16.0 || ^10.6.0 || >=11.0.0"
      }
    },
    "node_modules/playwright": {
      "version": "1.59.1",
      "resolved": "https://registry.npmjs.org/playwright/-/playwright-1.59.1.tgz",
      "integrity": "sha512-C8oWjPR3F81yljW9o5OxcWzfh6avkVwDD2VYdwIGqTkl+OGFISgypqzfu7dOe4QNLL2aqcWBmI3PMtLIK233lw==",
      "license": "Apache-2.0",
      "dependencies": {
        "playwright-core": "1.59.1"
      },
      "bin": {
        "playwright": "cli.js"
      },
      "engines": {
        "node": ">=18"
      },
      "optionalDependencies": {
        "fsevents": "2.3.2"
      }
    },
    "node_modules/playwright-core": {
      "version": "1.59.1",
      "resolved": "https://registry.npmjs.org/playwright-core/-/playwright-core-1.59.1.tgz",
      "integrity": "sha512-HBV/RJg81z5BiiZ9yPzIiClYV/QMsDCKUyogwH9p3MCP6IYjUFu/MActgYAvK0oWyV9NlwM3GLBjADyWgydVyg==",
      "license": "Apache-2.0",
      "bin": {
        "playwright-core": "cli.js"
      },
      "engines": {
        "node": ">=18"
      }
    },
    "node_modules/ts-custom-error": {
      "version": "3.3.1",
      "resolved": "https://ms-feed-2.pkgs.visualstudio.com/1es-public/_packaging/npm-public/npm/registry/ts-custom-error/-/ts-custom-error-3.3.1.tgz",
      "integrity": "sha1-i9PI/GuNyOHLMpJnxFIA8eF6ZdE=",
      "license": "MIT",
      "engines": {
        "node": ">=14.0.0"
      }
    }
  }
}
